{
  "name": "kml-planet-scale",
  "version": "1.0.0",
  "lockfileVersion": 3,
  "requires": true,
  "packages": {
    "": {
      "name": "kml-planet-scale",
      "version": "1.0.0",
      "license": "MIT",
      "dependencies": {
        "@tmcw/togeojson": "^7.1.2",
        "@xmldom/xmldom": "^0.9.6",
        "haversine-distance": "^1.2.4"
      },
      "bin": {
        "kml-planet-scale": "scale-kml.js"
      }
    },
    "node_modules/@tmcw/togeojson": {
      "version": "7.1.2",
      "resolved": "https://registry.npmjs.org/@tmcw/togeojson/-/togeojson-7.1.2.tgz",
      "integrity": "sha512-QKnFs9DAuqqBVj4d6c69tV1Dj2TspSBTqffivoN0YoBCVdP/JY1+WaYCJbzU49RkoU5NOSOJ3jtFHCdEUVh21A==",
      "license": "BSD-2-Clause",
      "engines": {
        "node": "*"
      }
    },
    "node_modules/@xmldom/xmldom": {
      "version": "0.9.10",
      "resolved": "https://registry.npmjs.org/@xmldom/xmldom/-/xmldom-0.9.10.tgz",
      "integrity": "sha512-A9gOqLdi6cV4ibazAjcQufGj0B1y/vDqYrcuP6d/6x8P27gRS8643Dj9o1dEKtB6O7fwxb2FgBmJS2mX7gpvdw==",
      "license": "MIT",
      "engines": {
        "node": ">=14.6"
      }
    },
    "node_modules/haversine-distance": {
      "version": "1.2.4",
      "resolved": "https://registry.npmjs.org/haversine-distance/-/haversine-distance-1.2.4.tgz",
      "integrity": "sha512-8MHQBQXR7GXZJIvitCf/ux+gwLtWOxmXNNz5dReG+jJbuvaEoj6QIXlaIO3cPr433BFWM4jececJaLYpwxnZhg==",
      "license": "MIT"
    }
  }
}
